// !$*UTF8*$!
{
	archiveVersion = 1;
	classes = {
	};
	objectVersion = 50;
	objects = {

/* Begin PBXBuildFile section */
		FF4B4B7D21CBA46600CECDB8 /* AppDelegate.swift in Sources */ = {isa = PBXBuildFile; fileRef = FF4B4B7C21CBA46600CECDB8 /* AppDelegate.swift */; };
		FF4B4B7F21CBA46600CECDB8 /* CatsViewController.swift in Sources */ = {isa = PBXBuildFile; fileRef = FF4B4B7E21CBA46600CECDB8 /* CatsViewController.swift */; };
		FF4B4B8221CBA46600CECDB8 /* Main.storyboard in Resources */ = {isa = PBXBuildFile; fileRef = FF4B4B8021CBA46600CECDB8 /* Main.storyboard */; };
		FF4B4B8521CBA46600CECDB8 /* SwiftyCoreDataExample.xcdatamodeld in Sources */ = {isa = PBXBuildFile; fileRef = FF4B4B8321CBA46600CECDB8 /* SwiftyCoreDataExample.xcdatamodeld */; };
		FF4B4B8721CBA46700CECDB8 /* Assets.xcassets in Resources */ = {isa = PBXBuildFile; fileRef = FF4B4B8621CBA46700CECDB8 /* Assets.xcassets */; };
		FF4B4B8A21CBA46700CECDB8 /* LaunchScreen.storyboard in Resources */ = {isa = PBXBuildFile; fileRef = FF4B4B8821CBA46700CECDB8 /* LaunchScreen.storyboard */; };
		FF4B4BA321CBA82C00CECDB8 /* Cat.swift in Sources */ = {isa = PBXBuildFile; fileRef = FF4B4BA221CBA82C00CECDB8 /* Cat.swift */; };
		FF4B4BAC21CBAC3000CECDB8 /* CatEntity.swift in Sources */ = {isa = PBXBuildFile; fileRef = FF4B4BAA21CBAC3000CECDB8 /* CatEntity.swift */; };
		FF4B4BAF21CBAE0100CECDB8 /* CatsViewModel.swift in Sources */ = {isa = PBXBuildFile; fileRef = FF4B4BAE21CBAE0100CECDB8 /* CatsViewModel.swift */; };
		FF4B4BB121CBAE2200CECDB8 /* PersistanceService.swift in Sources */ = {isa = PBXBuildFile; fileRef = FF4B4BB021CBAE2200CECDB8 /* PersistanceService.swift */; };
		FF8572F921CBE6AB00676CBA /* CatsViewBuilder.swift in Sources */ = {isa = PBXBuildFile; fileRef = FF8572F821CBE6AB00676CBA /* CatsViewBuilder.swift */; };
		FF87CE0C21E5FF0D00E82CE7 /* Benchmark.swift in Sources */ = {isa = PBXBuildFile; fileRef = FF87CE0B21E5FF0D00E82CE7 /* Benchmark.swift */; };
		FF87CE0E21E6045A00E82CE7 /* ArrayExtension.swift in Sources */ = {isa = PBXBuildFile; fileRef = FF87CE0D21E6045A00E82CE7 /* ArrayExtension.swift */; };
		FF87CE1021E61B6A00E82CE7 /* WriteBenchmark.swift in Sources */ = {isa = PBXBuildFile; fileRef = FF87CE0F21E61B6A00E82CE7 /* WriteBenchmark.swift */; };
		FF9BCB3521CCF1D200DE0F4D /* UIViewExtension.swift in Sources */ = {isa = PBXBuildFile; fileRef = FF9BCB3421CCF1D200DE0F4D /* UIViewExtension.swift */; };
		FFB2BBA321E4FDB9000922DF /* SwiftyCoreData.framework in Frameworks */ = {isa = PBXBuildFile; fileRef = FFB2BBA221E4FDB9000922DF /* SwiftyCoreData.framework */; };
		FFB2BBA421E4FDBE000922DF /* SwiftyCoreData.framework in Frameworks */ = {isa = PBXBuildFile; fileRef = FFB2BBA221E4FDB9000922DF /* SwiftyCoreData.framework */; };
		FFB2BBA521E4FDBE000922DF /* SwiftyCoreData.framework in Embed Frameworks */ = {isa = PBXBuildFile; fileRef = FFB2BBA221E4FDB9000922DF /* SwiftyCoreData.framework */; settings = {ATTRIBUTES = (CodeSignOnCopy, RemoveHeadersOnCopy, ); }; };
		FFB2BBA821E4FF73000922DF /* DataSet.swift in Sources */ = {isa = PBXBuildFile; fileRef = FFB2BBA721E4FF73000922DF /* DataSet.swift */; };
		FFB2BBAA21E50048000922DF /* BenchmarkOperation.swift in Sources */ = {isa = PBXBuildFile; fileRef = FFB2BBA921E50048000922DF /* BenchmarkOperation.swift */; };
		FFE80C2521E633E9000A8546 /* UIDevice.swift in Sources */ = {isa = PBXBuildFile; fileRef = FFE80C2421E633E9000A8546 /* UIDevice.swift */; };
		FFE80C2C21E6471A000A8546 /* ReadBenchmark.swift in Sources */ = {isa = PBXBuildFile; fileRef = FFE80C2B21E6471A000A8546 /* ReadBenchmark.swift */; };
		FFE8FBA021D7A85500B1019C /* CatsTableViewCell.swift in Sources */ = {isa = PBXBuildFile; fileRef = FFE8FB9F21D7A85500B1019C /* CatsTableViewCell.swift */; };
		FFE8FBA221D7A98A00B1019C /* CatsTableViewController.swift in Sources */ = {isa = PBXBuildFile; fileRef = FFE8FBA121D7A98A00B1019C /* CatsTableViewController.swift */; };
		FFE8FBA421D7E68A00B1019C /* NSLayoutAnchor.Extension.swift in Sources */ = {isa = PBXBuildFile; fileRef = FFE8FBA321D7E68A00B1019C /* NSLayoutAnchor.Extension.swift */; };
/* End PBXBuildFile section */

/* Begin PBXCopyFilesBuildPhase section */
		FF4B4B9B21CBA4FB00CECDB8 /* Embed Frameworks */ = {
			isa = PBXCopyFilesBuildPhase;
			buildActionMask = 2147483647;
			dstPath = "";
			dstSubfolderSpec = 10;
			files = (
				FFB2BBA521E4FDBE000922DF /* SwiftyCoreData.framework in Embed Frameworks */,
			);
			name = "Embed Frameworks";
			runOnlyForDeploymentPostprocessing = 0;
		};
/* End PBXCopyFilesBuildPhase section */

/* Begin PBXFileReference section */
		FF4B4B7921CBA46600CECDB8 /* SwiftyCoreDataExample.app */ = {isa = PBXFileReference; explicitFileType = wrapper.application; includeInIndex = 0; path = SwiftyCoreDataExample.app; sourceTree = BUILT_PRODUCTS_DIR; };
		FF4B4B7C21CBA46600CECDB8 /* AppDelegate.swift */ = {isa = PBXFileReference; lastKnownFileType = sourcecode.swift; path = AppDelegate.swift; sourceTree = "<group>"; };
		FF4B4B7E21CBA46600CECDB8 /* CatsViewController.swift */ = {isa = PBXFileReference; lastKnownFileType = sourcecode.swift; path = CatsViewController.swift; sourceTree = "<group>"; };
		FF4B4B8121CBA46600CECDB8 /* Base */ = {isa = PBXFileReference; lastKnownFileType = file.storyboard; name = Base; path = Base.lproj/Main.storyboard; sourceTree = "<group>"; };
		FF4B4B8421CBA46600CECDB8 /* SwiftyCoreDataExample.xcdatamodel */ = {isa = PBXFileReference; lastKnownFileType = wrapper.xcdatamodel; path = SwiftyCoreDataExample.xcdatamodel; sourceTree = "<group>"; };
		FF4B4B8621CBA46700CECDB8 /* Assets.xcassets */ = {isa = PBXFileReference; lastKnownFileType = folder.assetcatalog; path = Assets.xcassets; sourceTree = "<group>"; };
		FF4B4B8921CBA46700CECDB8 /* Base */ = {isa = PBXFileReference; lastKnownFileType = file.storyboard; name = Base; path = Base.lproj/LaunchScreen.storyboard; sourceTree = "<group>"; };
		FF4B4B8B21CBA46700CECDB8 /* Info.plist */ = {isa = PBXFileReference; lastKnownFileType = text.plist.xml; path = Info.plist; sourceTree = "<group>"; };
		FF4B4BA221CBA82C00CECDB8 /* Cat.swift */ = {isa = PBXFileReference; lastKnownFileType = sourcecode.swift; path = Cat.swift; sourceTree = "<group>"; };
		FF4B4BAA21CBAC3000CECDB8 /* CatEntity.swift */ = {isa = PBXFileReference; lastKnownFileType = sourcecode.swift; path = CatEntity.swift; sourceTree = "<group>"; };
		FF4B4BAE21CBAE0100CECDB8 /* CatsViewModel.swift */ = {isa = PBXFileReference; lastKnownFileType = sourcecode.swift; path = CatsViewModel.swift; sourceTree = "<group>"; };
		FF4B4BB021CBAE2200CECDB8 /* PersistanceService.swift */ = {isa = PBXFileReference; lastKnownFileType = sourcecode.swift; path = PersistanceService.swift; sourceTree = "<group>"; };
		FF8572F821CBE6AB00676CBA /* CatsViewBuilder.swift */ = {isa = PBXFileReference; lastKnownFileType = sourcecode.swift; path = CatsViewBuilder.swift; sourceTree = "<group>"; };
		FF87CE0B21E5FF0D00E82CE7 /* Benchmark.swift */ = {isa = PBXFileReference; lastKnownFileType = sourcecode.swift; path = Benchmark.swift; sourceTree = "<group>"; };
		FF87CE0D21E6045A00E82CE7 /* ArrayExtension.swift */ = {isa = PBXFileReference; lastKnownFileType = sourcecode.swift; path = ArrayExtension.swift; sourceTree = "<group>"; };
		FF87CE0F21E61B6A00E82CE7 /* WriteBenchmark.swift */ = {isa = PBXFileReference; lastKnownFileType = sourcecode.swift; path = WriteBenchmark.swift; sourceTree = "<group>"; };
		FF9BCB3421CCF1D200DE0F4D /* UIViewExtension.swift */ = {isa = PBXFileReference; lastKnownFileType = sourcecode.swift; path = UIViewExtension.swift; sourceTree = "<group>"; };
		FFB2BBA221E4FDB9000922DF /* SwiftyCoreData.framework */ = {isa = PBXFileReference; explicitFileType = wrapper.framework; path = SwiftyCoreData.framework; sourceTree = BUILT_PRODUCTS_DIR; };
		FFB2BBA721E4FF73000922DF /* DataSet.swift */ = {isa = PBXFileReference; lastKnownFileType = sourcecode.swift; path = DataSet.swift; sourceTree = "<group>"; };
		FFB2BBA921E50048000922DF /* BenchmarkOperation.swift */ = {isa = PBXFileReference; lastKnownFileType = sourcecode.swift; path = BenchmarkOperation.swift; sourceTree = "<group>"; };
		FFE80C2421E633E9000A8546 /* UIDevice.swift */ = {isa = PBXFileReference; lastKnownFileType = sourcecode.swift; path = UIDevice.swift; sourceTree = "<group>"; };
		FFE80C2B21E6471A000A8546 /* ReadBenchmark.swift */ = {isa = PBXFileReference; lastKnownFileType = sourcecode.swift; path = ReadBenchmark.swift; sourceTree = "<group>"; };
		FFE8FB9F21D7A85500B1019C /* CatsTableViewCell.swift */ = {isa = PBXFileReference; lastKnownFileType = sourcecode.swift; path = CatsTableViewCell.swift; sourceTree = "<group>"; };
		FFE8FBA121D7A98A00B1019C /* CatsTableViewController.swift */ = {isa = PBXFileReference; lastKnownFileType = sourcecode.swift; path = CatsTableViewController.swift; sourceTree = "<group>"; };
		FFE8FBA321D7E68A00B1019C /* NSLayoutAnchor.Extension.swift */ = {isa = PBXFileReference; lastKnownFileType = sourcecode.swift; path = NSLayoutAnchor.Extension.swift; sourceTree = "<group>"; };
/* End PBXFileReference section */

/* Begin PBXFrameworksBuildPhase section */
		FF4B4B7621CBA46600CECDB8 /* Frameworks */ = {
			isa = PBXFrameworksBuildPhase;
			buildActionMask = 2147483647;
			files = (
				FFB2BBA321E4FDB9000922DF /* SwiftyCoreData.framework in Frameworks */,
				FFB2BBA421E4FDBE000922DF /* SwiftyCoreData.framework in Frameworks */,
			);
			runOnlyForDeploymentPostprocessing = 0;
		};
/* End PBXFrameworksBuildPhase section */

/* Begin PBXGroup section */
		FF4B4B7021CBA46600CECDB8 = {
			isa = PBXGroup;
			children = (
				FF4B4B7B21CBA46600CECDB8 /* SwiftyCoreDataExample */,
				FF4B4B7A21CBA46600CECDB8 /* Products */,
				FFB2BBA121E4FDB9000922DF /* Frameworks */,
			);
			sourceTree = "<group>";
		};
		FF4B4B7A21CBA46600CECDB8 /* Products */ = {
			isa = PBXGroup;
			children = (
				FF4B4B7921CBA46600CECDB8 /* SwiftyCoreDataExample.app */,
			);
			name = Products;
			sourceTree = "<group>";
		};
		FF4B4B7B21CBA46600CECDB8 /* SwiftyCoreDataExample */ = {
			isa = PBXGroup;
			children = (
				FFB2BBA621E4FF61000922DF /* Benchmark */,
				FF9BCB3321CCF1B800DE0F4D /* Extension */,
				FF9BCB3121CCEF7000DE0F4D /* UI */,
				FF4B4BA121CBA81E00CECDB8 /* Model */,
				FF4B4BA021CBA81600CECDB8 /* Persistance */,
				FF4B4B7C21CBA46600CECDB8 /* AppDelegate.swift */,
				FF4B4B8021CBA46600CECDB8 /* Main.storyboard */,
				FF4B4B8621CBA46700CECDB8 /* Assets.xcassets */,
				FF4B4B8821CBA46700CECDB8 /* LaunchScreen.storyboard */,
				FF4B4B8B21CBA46700CECDB8 /* Info.plist */,
				FF4B4B8321CBA46600CECDB8 /* SwiftyCoreDataExample.xcdatamodeld */,
			);
			path = SwiftyCoreDataExample;
			sourceTree = "<group>";
		};
		FF4B4BA021CBA81600CECDB8 /* Persistance */ = {
			isa = PBXGroup;
			children = (
				FF4B4BB021CBAE2200CECDB8 /* PersistanceService.swift */,
				FF4B4BA421CBA86A00CECDB8 /* Entities */,
			);
			path = Persistance;
			sourceTree = "<group>";
		};
		FF4B4BA121CBA81E00CECDB8 /* Model */ = {
			isa = PBXGroup;
			children = (
				FF4B4BA221CBA82C00CECDB8 /* Cat.swift */,
			);
			path = Model;
			sourceTree = "<group>";
		};
		FF4B4BA421CBA86A00CECDB8 /* Entities */ = {
			isa = PBXGroup;
			children = (
				FF4B4BAA21CBAC3000CECDB8 /* CatEntity.swift */,
			);
			path = Entities;
			sourceTree = "<group>";
		};
		FF9BCB3121CCEF7000DE0F4D /* UI */ = {
			isa = PBXGroup;
			children = (
				FF9BCB3221CCEF7600DE0F4D /* Cats */,
			);
			path = UI;
			sourceTree = "<group>";
		};
		FF9BCB3221CCEF7600DE0F4D /* Cats */ = {
			isa = PBXGroup;
			children = (
				FFE8FB9E21D7A83B00B1019C /* TableView */,
				FF4B4B7E21CBA46600CECDB8 /* CatsViewController.swift */,
				FF8572F821CBE6AB00676CBA /* CatsViewBuilder.swift */,
				FF4B4BAE21CBAE0100CECDB8 /* CatsViewModel.swift */,
			);
			path = Cats;
			sourceTree = "<group>";
		};
		FF9BCB3321CCF1B800DE0F4D /* Extension */ = {
			isa = PBXGroup;
			children = (
				FF9BCB3421CCF1D200DE0F4D /* UIViewExtension.swift */,
				FFE8FBA321D7E68A00B1019C /* NSLayoutAnchor.Extension.swift */,
				FF87CE0D21E6045A00E82CE7 /* ArrayExtension.swift */,
				FFE80C2421E633E9000A8546 /* UIDevice.swift */,
			);
			path = Extension;
			sourceTree = "<group>";
		};
		FFB2BBA121E4FDB9000922DF /* Frameworks */ = {
			isa = PBXGroup;
			children = (
				FFB2BBA221E4FDB9000922DF /* SwiftyCoreData.framework */,
			);
			name = Frameworks;
			sourceTree = "<group>";
		};
		FFB2BBA621E4FF61000922DF /* Benchmark */ = {
			isa = PBXGroup;
			children = (
				FFE80C2D21E6475D000A8546 /* Write */,
				FFE80C2821E646E8000A8546 /* Read */,
				FFB2BBA721E4FF73000922DF /* DataSet.swift */,
				FFB2BBA921E50048000922DF /* BenchmarkOperation.swift */,
				FF87CE0B21E5FF0D00E82CE7 /* Benchmark.swift */,
			);
			path = Benchmark;
			sourceTree = "<group>";
		};
		FFE80C2821E646E8000A8546 /* Read */ = {
			isa = PBXGroup;
			children = (
				FFE80C2B21E6471A000A8546 /* ReadBenchmark.swift */,
			);
			path = Read;
			sourceTree = "<group>";
		};
		FFE80C2D21E6475D000A8546 /* Write */ = {
			isa = PBXGroup;
			children = (
				FF87CE0F21E61B6A00E82CE7 /* WriteBenchmark.swift */,
			);
			path = Write;
			sourceTree = "<group>";
		};
		FFE8FB9E21D7A83B00B1019C /* TableView */ = {
			isa = PBXGroup;
			children = (
				FFE8FB9F21D7A85500B1019C /* CatsTableViewCell.swift */,
				FFE8FBA121D7A98A00B1019C /* CatsTableViewController.swift */,
			);
			path = TableView;
			sourceTree = "<group>";
		};
/* End PBXGroup section */

/* Begin PBXNativeTarget section */
		FF4B4B7821CBA46600CECDB8 /* SwiftyCoreDataExample */ = {
			isa = PBXNativeTarget;
			buildConfigurationList = FF4B4B8E21CBA46700CECDB8 /* Build configuration list for PBXNativeTarget "SwiftyCoreDataExample" */;
			buildPhases = (
				FF4B4B7521CBA46600CECDB8 /* Sources */,
				FF4B4B7621CBA46600CECDB8 /* Frameworks */,
				FF4B4B7721CBA46600CECDB8 /* Resources */,
				FF4B4B9B21CBA4FB00CECDB8 /* Embed Frameworks */,
			);
			buildRules = (
			);
			dependencies = (
			);
			name = SwiftyCoreDataExample;
			productName = SwiftyCoreDataExample;
			productReference = FF4B4B7921CBA46600CECDB8 /* SwiftyCoreDataExample.app */;
			productType = "com.apple.product-type.application";
		};
/* End PBXNativeTarget section */

/* Begin PBXProject section */
		FF4B4B7121CBA46600CECDB8 /* Project object */ = {
			isa = PBXProject;
			attributes = {
				LastSwiftUpdateCheck = 1000;
				LastUpgradeCheck = 1000;
				ORGANIZATIONNAME = "Michał Wójtowicz";
				TargetAttributes = {
					FF4B4B7821CBA46600CECDB8 = {
						CreatedOnToolsVersion = 10.0;
					};
				};
			};
			buildConfigurationList = FF4B4B7421CBA46600CECDB8 /* Build configuration list for PBXProject "SwiftyCoreDataExample" */;
			compatibilityVersion = "Xcode 9.3";
			developmentRegion = en;
			hasScannedForEncodings = 0;
			knownRegions = (
				en,
				Base,
			);
			mainGroup = FF4B4B7021CBA46600CECDB8;
			productRefGroup = FF4B4B7A21CBA46600CECDB8 /* Products */;
			projectDirPath = "";
			projectRoot = "";
			targets = (
				FF4B4B7821CBA46600CECDB8 /* SwiftyCoreDataExample */,
			);
		};
/* End PBXProject section */

/* Begin PBXResourcesBuildPhase section */
		FF4B4B7721CBA46600CECDB8 /* Resources */ = {
			isa = PBXResourcesBuildPhase;
			buildActionMask = 2147483647;
			files = (
				FF4B4B8A21CBA46700CECDB8 /* LaunchScreen.storyboard in Resources */,
				FF4B4B8721CBA46700CECDB8 /* Assets.xcassets in Resources */,
				FF4B4B8221CBA46600CECDB8 /* Main.storyboard in Resources */,
			);
			runOnlyForDeploymentPostprocessing = 0;
		};
/* End PBXResourcesBuildPhase section */

/* Begin PBXSourcesBuildPhase section */
		FF4B4B7521CBA46600CECDB8 /* Sources */ = {
			isa = PBXSourcesBuildPhase;
			buildActionMask = 2147483647;
			files = (
				FF4B4B7F21CBA46600CECDB8 /* CatsViewController.swift in Sources */,
				FFE80C2521E633E9000A8546 /* UIDevice.swift in Sources */,
				FF87CE0E21E6045A00E82CE7 /* ArrayExtension.swift in Sources */,
				FFE8FBA421D7E68A00B1019C /* NSLayoutAnchor.Extension.swift in Sources */,
				FFB2BBA821E4FF73000922DF /* DataSet.swift in Sources */,
				FF4B4BA321CBA82C00CECDB8 /* Cat.swift in Sources */,
				FFE8FBA221D7A98A00B1019C /* CatsTableViewController.swift in Sources */,
				FF87CE0C21E5FF0D00E82CE7 /* Benchmark.swift in Sources */,
				FF87CE1021E61B6A00E82CE7 /* WriteBenchmark.swift in Sources */,
				FFB2BBAA21E50048000922DF /* BenchmarkOperation.swift in Sources */,
				FFE80C2C21E6471A000A8546 /* ReadBenchmark.swift in Sources */,
				FFE8FBA021D7A85500B1019C /* CatsTableViewCell.swift in Sources */,
				FF4B4B8521CBA46600CECDB8 /* SwiftyCoreDataExample.xcdatamodeld in Sources */,
				FF4B4B7D21CBA46600CECDB8 /* AppDelegate.swift in Sources */,
				FF4B4BAF21CBAE0100CECDB8 /* CatsViewModel.swift in Sources */,
				FF4B4BB121CBAE2200CECDB8 /* PersistanceService.swift in Sources */,
				FF9BCB3521CCF1D200DE0F4D /* UIViewExtension.swift in Sources */,
				FF8572F921CBE6AB00676CBA /* CatsViewBuilder.swift in Sources */,
				FF4B4BAC21CBAC3000CECDB8 /* CatEntity.swift in Sources */,
			);
			runOnlyForDeploymentPostprocessing = 0;
		};
/* End PBXSourcesBuildPhase section */

/* Begin PBXVariantGroup section */
		FF4B4B8021CBA46600CECDB8 /* Main.storyboard */ = {
			isa = PBXVariantGroup;
			children = (
				FF4B4B8121CBA46600CECDB8 /* Base */,
			);
			name = Main.storyboard;
			sourceTree = "<group>";
		};
		FF4B4B8821CBA46700CECDB8 /* LaunchScreen.storyboard */ = {
			isa = PBXVariantGroup;
			children = (
				FF4B4B8921CBA46700CECDB8 /* Base */,
			);
			name = LaunchScreen.storyboard;
			sourceTree = "<group>";
		};
/* End PBXVariantGroup section */

/* Begin XCBuildConfiguration section */
		FF4B4B8C21CBA46700CECDB8 /* Debug */ = {
			isa = XCBuildConfiguration;
			buildSettings = {
				ALWAYS_SEARCH_USER_PATHS = NO;
				CLANG_ANALYZER_NONNULL = YES;
				CLANG_ANALYZER_NUMBER_OBJECT_CONVERSION = YES_AGGRESSIVE;
				CLANG_CXX_LANGUAGE_STANDARD = "gnu++14";
				CLANG_CXX_LIBRARY = "libc++";
				CLANG_ENABLE_MODULES = YES;
				CLANG_ENABLE_OBJC_ARC = YES;
				CLANG_ENABLE_OBJC_WEAK = YES;
				CLANG_WARN_BLOCK_CAPTURE_AUTORELEASING = YES;
				CLANG_WARN_BOOL_CONVERSION = YES;
				CLANG_WARN_COMMA = YES;
				CLANG_WARN_CONSTANT_CONVERSION = YES;
				CLANG_WARN_DEPRECATED_OBJC_IMPLEMENTATIONS = YES;
				CLANG_WARN_DIRECT_OBJC_ISA_USAGE = YES_ERROR;
				CLANG_WARN_DOCUMENTATION_COMMENTS = YES;
				CLANG_WARN_EMPTY_BODY = YES;
				CLANG_WARN_ENUM_CONVERSION = YES;
				CLANG_WARN_INFINITE_RECURSION = YES;
				CLANG_WARN_INT_CONVERSION = YES;
				CLANG_WARN_NON_LITERAL_NULL_CONVERSION = YES;
				CLANG_WARN_OBJC_IMPLICIT_RETAIN_SELF = YES;
				CLANG_WARN_OBJC_LITERAL_CONVERSION = YES;
				CLANG_WARN_OBJC_ROOT_CLASS = YES_ERROR;
				CLANG_WARN_RANGE_LOOP_ANALYSIS = YES;
				CLANG_WARN_STRICT_PROTOTYPES = YES;
				CLANG_WARN_SUSPICIOUS_MOVE = YES;
				CLANG_WARN_UNGUARDED_AVAILABILITY = YES_AGGRESSIVE;
				CLANG_WARN_UNREACHABLE_CODE = YES;
				CLANG_WARN__DUPLICATE_METHOD_MATCH = YES;
				CODE_SIGN_IDENTITY = "iPhone Developer";
				COPY_PHASE_STRIP = NO;
				DEBUG_INFORMATION_FORMAT = dwarf;
				ENABLE_STRICT_OBJC_MSGSEND = YES;
				ENABLE_TESTABILITY = YES;
				GCC_C_LANGUAGE_STANDARD = gnu11;
				GCC_DYNAMIC_NO_PIC = NO;
				GCC_NO_COMMON_BLOCKS = YES;
				GCC_OPTIMIZATION_LEVEL = 0;
				GCC_PREPROCESSOR_DEFINITIONS = (
					"DEBUG=1",
					"$(inherited)",
				);
				GCC_WARN_64_TO_32_BIT_CONVERSION = YES;
				GCC_WARN_ABOUT_RETURN_TYPE = YES_ERROR;
				GCC_WARN_UNDECLARED_SELECTOR = YES;
				GCC_WARN_UNINITIALIZED_AUTOS = YES_AGGRESSIVE;
				GCC_WARN_UNUSED_FUNCTION = YES;
				GCC_WARN_UNUSED_VARIABLE = YES;
				IPHONEOS_DEPLOYMENT_TARGET = 12.0;
				MTL_ENABLE_DEBUG_INFO = INCLUDE_SOURCE;
				MTL_FAST_MATH = YES;
				ONLY_ACTIVE_ARCH = YES;
				SDKROOT = iphoneos;
				SWIFT_ACTIVE_COMPILATION_CONDITIONS = DEBUG;
				SWIFT_OPTIMIZATION_LEVEL = "-Onone";
			};
			name = Debug;
		};
		FF4B4B8D21CBA46700CECDB8 /* Release */ = {
			isa = XCBuildConfiguration;
			buildSettings = {
				ALWAYS_SEARCH_USER_PATHS = NO;
				CLANG_ANALYZER_NONNULL = YES;
				CLANG_ANALYZER_NUMBER_OBJECT_CONVERSION = YES_AGGRESSIVE;
				CLANG_CXX_LANGUAGE_STANDARD = "gnu++14";
				CLANG_CXX_LIBRARY = "libc++";
				CLANG_ENABLE_MODULES = YES;
				CLANG_ENABLE_OBJC_ARC = YES;
				CLANG_ENABLE_OBJC_WEAK = YES;
				CLANG_WARN_BLOCK_CAPTURE_AUTORELEASING = YES;
				CLANG_WARN_BOOL_CONVERSION = YES;
				CLANG_WARN_COMMA = YES;
				CLANG_WARN_CONSTANT_CONVERSION = YES;
				CLANG_WARN_DEPRECATED_OBJC_IMPLEMENTATIONS = YES;
				CLANG_WARN_DIRECT_OBJC_ISA_USAGE = YES_ERROR;
				CLANG_WARN_DOCUMENTATION_COMMENTS = YES;
				CLANG_WARN_EMPTY_BODY = YES;
				CLANG_WARN_ENUM_CONVERSION = YES;
				CLANG_WARN_INFINITE_RECURSION = YES;
				CLANG_WARN_INT_CONVERSION = YES;
				CLANG_WARN_NON_LITERAL_NULL_CONVERSION = YES;
				CLANG_WARN_OBJC_IMPLICIT_RETAIN_SELF = YES;
				CLANG_WARN_OBJC_LITERAL_CONVERSION = YES;
				CLANG_WARN_OBJC_ROOT_CLASS = YES_ERROR;
				CLANG_WARN_RANGE_LOOP_ANALYSIS = YES;
				CLANG_WARN_STRICT_PROTOTYPES = YES;
				CLANG_WARN_SUSPICIOUS_MOVE = YES;
				CLANG_WARN_UNGUARDED_AVAILABILITY = YES_AGGRESSIVE;
				CLANG_WARN_UNREACHABLE_CODE = YES;
				CLANG_WARN__DUPLICATE_METHOD_MATCH = YES;
				CODE_SIGN_IDENTITY = "iPhone Developer";
				COPY_PHASE_STRIP = NO;
				DEBUG_INFORMATION_FORMAT = "dwarf-with-dsym";
				ENABLE_NS_ASSERTIONS = NO;
				ENABLE_STRICT_OBJC_MSGSEND = YES;
				GCC_C_LANGUAGE_STANDARD = gnu11;
				GCC_NO_COMMON_BLOCKS = YES;
				GCC_WARN_64_TO_32_BIT_CONVERSION = YES;
				GCC_WARN_ABOUT_RETURN_TYPE = YES_ERROR;
				GCC_WARN_UNDECLARED_SELECTOR = YES;
				GCC_WARN_UNINITIALIZED_AUTOS = YES_AGGRESSIVE;
				GCC_WARN_UNUSED_FUNCTION = YES;
				GCC_WARN_UNUSED_VARIABLE = YES;
				IPHONEOS_DEPLOYMENT_TARGET = 12.0;
				MTL_ENABLE_DEBUG_INFO = NO;
				MTL_FAST_MATH = YES;
				SDKROOT = iphoneos;
				SWIFT_COMPILATION_MODE = wholemodule;
				SWIFT_OPTIMIZATION_LEVEL = "-O";
				VALIDATE_PRODUCT = YES;
			};
			name = Release;
		};
		FF4B4B8F21CBA46700CECDB8 /* Debug */ = {
			isa = XCBuildConfiguration;
			buildSettings = {
				ALWAYS_EMBED_SWIFT_STANDARD_LIBRARIES = YES;
				ASSETCATALOG_COMPILER_APPICON_NAME = AppIcon;
				CODE_SIGN_STYLE = Automatic;
				DEVELOPMENT_TEAM = XNR2HTH9R9;
				INFOPLIST_FILE = SwiftyCoreDataExample/Info.plist;
				LD_RUNPATH_SEARCH_PATHS = (
					"$(inherited)",
					"@executable_path/Frameworks",
				);
				PRODUCT_BUNDLE_IDENTIFIER = pl.michal.wojtowicz.SwiftyCoreDataExample;
				PRODUCT_NAME = "$(TARGET_NAME)";
				SWIFT_VERSION = 4.2;
				TARGETED_DEVICE_FAMILY = "1,2";
			};
			name = Debug;
		};
		FF4B4B9021CBA46700CECDB8 /* Release */ = {
			isa = XCBuildConfiguration;
			buildSettings = {
				ALWAYS_EMBED_SWIFT_STANDARD_LIBRARIES = YES;
				ASSETCATALOG_COMPILER_APPICON_NAME = AppIcon;
				CODE_SIGN_STYLE = Automatic;
				DEVELOPMENT_TEAM = XNR2HTH9R9;
				INFOPLIST_FILE = SwiftyCoreDataExample/Info.plist;
				LD_RUNPATH_SEARCH_PATHS = (
					"$(inherited)",
					"@executable_path/Frameworks",
				);
				PRODUCT_BUNDLE_IDENTIFIER = pl.michal.wojtowicz.SwiftyCoreDataExample;
				PRODUCT_NAME = "$(TARGET_NAME)";
				SWIFT_VERSION = 4.2;
				TARGETED_DEVICE_FAMILY = "1,2";
			};
			name = Release;
		};
/* End XCBuildConfiguration section */

/* Begin XCConfigurationList section */
		FF4B4B7421CBA46600CECDB8 /* Build configuration list for PBXProject "SwiftyCoreDataExample" */ = {
			isa = XCConfigurationList;
			buildConfigurations = (
				FF4B4B8C21CBA46700CECDB8 /* Debug */,
				FF4B4B8D21CBA46700CECDB8 /* Release */,
			);
			defaultConfigurationIsVisible = 0;
			defaultConfigurationName = Release;
		};
		FF4B4B8E21CBA46700CECDB8 /* Build configuration list for PBXNativeTarget "SwiftyCoreDataExample" */ = {
			isa = XCConfigurationList;
			buildConfigurations = (
				FF4B4B8F21CBA46700CECDB8 /* Debug */,
				FF4B4B9021CBA46700CECDB8 /* Release */,
			);
			defaultConfigurationIsVisible = 0;
			defaultConfigurationName = Release;
		};
/* End XCConfigurationList section */

/* Begin XCVersionGroup section */
		FF4B4B8321CBA46600CECDB8 /* SwiftyCoreDataExample.xcdatamodeld */ = {
			isa = XCVersionGroup;
			children = (
				FF4B4B8421CBA46600CECDB8 /* SwiftyCoreDataExample.xcdatamodel */,
			);
			currentVersion = FF4B4B8421CBA46600CECDB8 /* SwiftyCoreDataExample.xcdatamodel */;
			path = SwiftyCoreDataExample.xcdatamodeld;
			sourceTree = "<group>";
			versionGroupType = wrapper.xcdatamodel;
		};
/* End XCVersionGroup section */
	};
	rootObject = FF4B4B7121CBA46600CECDB8 /* Project object */;
}
